
Microsoft Visual Studio Solution File, Format Version 12.00
# Visual Studio 15
VisualStudioVersion = 15.0.27130.2010
MinimumVisualStudioVersion = 10.0.40219.1
Project("{8BC9CEB8-8B4A-11D0-8D11-00A0C91BC942}") = "Midnight-Client", "Midnight-Client\Midnight-Client.vcxproj", "{27B5A0A0-C8AB-4AFD-95F3-815E6E90197E}"
	ProjectSection(ProjectDependencies) = postProject
		{0F361C2F-1E33-4BF7-ADEC-FFFA33311C7D} = {0F361C2F-1E33-4BF7-ADEC-FFFA33311C7D}
	EndProjectSection
EndProject
Project("{8BC9CEB8-8B4A-11D0-8D11-00A0C91BC942}") = "Midnight-Core", "Midnight-Core\Midnight-Core.vcxproj", "{0F361C2F-1E33-4BF7-ADEC-FFFA33311C7D}"
EndProject
Project("{8BC9CEB8-8B4A-11D0-8D11-00A0C91BC942}") = "Midnight-Server", "Midnight-Server\Midnight-Server.vcxproj", "{E7456D68-E4AD-4C06-9EBB-DD79F0D1FD0B}"
	ProjectSection(ProjectDependencies) = postProject
		{0F361C2F-1E33-4BF7-ADEC-FFFA33311C7D} = {0F361C2F-1E33-4BF7-ADEC-FFFA33311C7D}
	EndProjectSection
EndProject
Global
	GlobalSection(SolutionConfigurationPlatforms) = preSolution
		Debug|x64 = Debug|x64
		Debug|x86 = Debug|x86
		Release|x64 = Release|x64
		Release|x86 = Release|x86
	EndGlobalSection
	GlobalSection(ProjectConfigurationPlatforms) = postSolution
		{27B5A0A0-C8AB-4AFD-95F3-815E6E90197E}.Debug|x64.ActiveCfg = Debug|x64
		{27B5A0A0-C8AB-4AFD-95F3-815E6E90197E}.Debug|x64.Build.0 = Debug|x64
		{27B5A0A0-C8AB-4AFD-95F3-815E6E90197E}.Debug|x86.ActiveCfg = Debug|Win32
		{27B5A0A0-C8AB-4AFD-95F3-815E6E90197E}.Debug|x86.Build.0 = Debug|Win32
		{27B5A0A0-C8AB-4AFD-95F3-815E6E90197E}.Release|x64.ActiveCfg = Release|x64
		{27B5A0A0-C8AB-4AFD-95F3-815E6E90197E}.Release|x64.Build.0 = Release|x64
		{27B5A0A0-C8AB-4AFD-95F3-815E6E90197E}.Release|x86.ActiveCfg = Release|Win32
		{27B5A0A0-C8AB-4AFD-95F3-815E6E90197E}.Release|x86.Build.0 = Release|Win32
		{0F361C2F-1E33-4BF7-ADEC-FFFA33311C7D}.Debug|x64.ActiveCfg = Debug|x64
		{0F361C2F-1E33-4BF7-ADEC-FFFA33311C7D}.Debug|x64.Build.0 = Debug|x64
		{0F361C2F-1E33-4BF7-ADEC-FFFA33311C7D}.Debug|x86.ActiveCfg = Debug|Win32
		{0F361C2F-1E33-4BF7-ADEC-FFFA33311C7D}.Debug|x86.Build.0 = Debug|Win32
		{0F361C2F-1E33-4BF7-ADEC-FFFA33311C7D}.Release|x64.ActiveCfg = Release|x64
		{0F361C2F-1E33-4BF7-ADEC-FFFA33311C7D}.Release|x64.Build.0 = Release|x64
		{0F361C2F-1E33-4BF7-ADEC-FFFA33311C7D}.Release|x86.ActiveCfg = Release|Win32
		{0F361C2F-1E33-4BF7-ADEC-FFFA33311C7D}.Release|x86.Build.0 = Release|Win32
		{E7456D68-E4AD-4C06-9EBB-DD79F0D1FD0B}.Debug|x64.ActiveCfg = Debug|x64
		{E7456D68-E4AD-4C06-9EBB-DD79F0D1FD0B}.Debug|x64.Build.0 = Debug|x64
		{E7456D68-E4AD-4C06-9EBB-DD79F0D1FD0B}.Debug|x86.ActiveCfg = Debug|Win32
		{E7456D68-E4AD-4C06-9EBB-DD79F0D1FD0B}.Debug|x86.Build.0 = Debug|Win32
		{E7456D68-E4AD-4C06-9EBB-DD79F0D1FD0B}.Release|x64.ActiveCfg = Release|x64
		{E7456D68-E4AD-4C06-9EBB-DD79F0D1FD0B}.Release|x64.Build.0 = Release|x64
		{E7456D68-E4AD-4C06-9EBB-DD79F0D1FD0B}.Release|x86.ActiveCfg = Release|Win32
		{E7456D68-E4AD-4C06-9EBB-DD79F0D1FD0B}.Release|x86.Build.0 = Release|Win32
	EndGlobalSection
	GlobalSection(SolutionProperties) = preSolution
		HideSolutionNode = FALSE
	EndGlobalSection
	GlobalSection(ExtensibilityGlobals) = postSolution
		SolutionGuid = {1AD29465-BDE7-4C13-B41E-64DDD5D7A161}
	EndGlobalSection
EndGlobal
